
Microsoft Visual Studio Solution File, Format Version 12.00
# Visual Studio Version 16
VisualStudioVersion = 16.0.31005.135
MinimumVisualStudioVersion = 10.0.40219.1
Project("{FAE04EC0-301F-11D3-BF4B-00C04F79EFBC}") = "MNB", "MNB\MNB.csproj", "{AC988E00-DA32-4F20-AD9F-6ADFC1B75528}"
EndProject
Global
	GlobalSection(SolutionConfigurationPlatforms) = preSolution
		Debug|Any CPU = Debug|Any CPU
		Release|Any CPU = Release|Any CPU
	EndGlobalSection
	GlobalSection(ProjectConfigurationPlatforms) = postSolution
		{AC988E00-DA32-4F20-AD9F-6ADFC1B75528}.Debug|Any CPU.ActiveCfg = Debug|Any CPU
		{AC988E00-DA32-4F20-AD9F-6ADFC1B75528}.Debug|Any CPU.Build.0 = Debug|Any CPU
		{AC988E00-DA32-4F20-AD9F-6ADFC1B75528}.Release|Any CPU.ActiveCfg = Release|Any CPU
		{AC988E00-DA32-4F20-AD9F-6ADFC1B75528}.Release|Any CPU.Build.0 = Release|Any CPU
	EndGlobalSection
	GlobalSection(SolutionProperties) = preSolution
		HideSolutionNode = FALSE
	EndGlobalSection
	GlobalSection(ExtensibilityGlobals) = postSolution
		SolutionGuid = {352F853B-3D6C-46E3-80D4-4E889F280A72}
	EndGlobalSection
EndGlobal
