
Microsoft Visual Studio Solution File, Format Version 12.00
# Visual Studio Version 16
VisualStudioVersion = 16.0.31005.135
MinimumVisualStudioVersion = 10.0.40219.1
Project("{FAE04EC0-301F-11D3-BF4B-00C04F79EFBC}") = "ExcelExport", "ExcelExport\ExcelExport.csproj", "{6A58ADF3-2270-4C9C-8D58-442506B189EA}"
EndProject
Global
	GlobalSection(SolutionConfigurationPlatforms) = preSolution
		Debug|Any CPU = Debug|Any CPU
		Release|Any CPU = Release|Any CPU
	EndGlobalSection
	GlobalSection(ProjectConfigurationPlatforms) = postSolution
		{6A58ADF3-2270-4C9C-8D58-442506B189EA}.Debug|Any CPU.ActiveCfg = Debug|Any CPU
		{6A58ADF3-2270-4C9C-8D58-442506B189EA}.Debug|Any CPU.Build.0 = Debug|Any CPU
		{6A58ADF3-2270-4C9C-8D58-442506B189EA}.Release|Any CPU.ActiveCfg = Release|Any CPU
		{6A58ADF3-2270-4C9C-8D58-442506B189EA}.Release|Any CPU.Build.0 = Release|Any CPU
	EndGlobalSection
	GlobalSection(SolutionProperties) = preSolution
		HideSolutionNode = FALSE
	EndGlobalSection
	GlobalSection(ExtensibilityGlobals) = postSolution
		SolutionGuid = {AF1456A1-BD01-4A3D-901E-961202E33793}
	EndGlobalSection
EndGlobal
