
Microsoft Visual Studio Solution File, Format Version 12.00
# Visual Studio Version 16
VisualStudioVersion = 16.0.31005.135
MinimumVisualStudioVersion = 10.0.40219.1
Project("{FAE04EC0-301F-11D3-BF4B-00C04F79EFBC}") = "UserMaintenance", "UserMaintenance\UserMaintenance.csproj", "{F60C6B0E-6FA5-4BA6-92F1-A024AAF8FCFF}"
EndProject
Global
	GlobalSection(SolutionConfigurationPlatforms) = preSolution
		Debug|Any CPU = Debug|Any CPU
		Release|Any CPU = Release|Any CPU
	EndGlobalSection
	GlobalSection(ProjectConfigurationPlatforms) = postSolution
		{F60C6B0E-6FA5-4BA6-92F1-A024AAF8FCFF}.Debug|Any CPU.ActiveCfg = Debug|Any CPU
		{F60C6B0E-6FA5-4BA6-92F1-A024AAF8FCFF}.Debug|Any CPU.Build.0 = Debug|Any CPU
		{F60C6B0E-6FA5-4BA6-92F1-A024AAF8FCFF}.Release|Any CPU.ActiveCfg = Release|Any CPU
		{F60C6B0E-6FA5-4BA6-92F1-A024AAF8FCFF}.Release|Any CPU.Build.0 = Release|Any CPU
	EndGlobalSection
	GlobalSection(SolutionProperties) = preSolution
		HideSolutionNode = FALSE
	EndGlobalSection
	GlobalSection(ExtensibilityGlobals) = postSolution
		SolutionGuid = {A08A68BF-2A90-44B4-AA03-92E53A3F9B18}
	EndGlobalSection
EndGlobal
